<?xml version="1.0" encoding="UTF-8"?>
<Scheme
   LastUpgradeVersion = "0720"
   version = "1.3">
   <BuildAction
      parallelizeBuildables = "YES"
      buildImplicitDependencies = "YES">
      <BuildActionEntries>
         <BuildActionEntry
            buildForTesting = "YES"
            buildForRunning = "YES"
            buildForProfiling = "YES"
            buildForArchiving = "YES"
            buildForAnalyzing = "YES"
            hideIssues = "NO">
            <BuildableReference
               BuildableIdentifier = "primary"
               BlueprintIdentifier = "3BDF14941C3D80A200465FA3"
               BuildableName = "Bugology.app"
               BlueprintName = "Bugology"
               ReferencedContainer = "container:Bugology.xcodeproj">
            </BuildableReference>
         </BuildActionEntry>
      </BuildActionEntries>
   </BuildAction>
   <TestAction
      buildConfiguration = "Debug"
      selectedDebuggerIdentifier = "Xcode.DebuggerFoundation.Debugger.LLDB"
      selectedLauncherIdentifier = "Xcode.DebuggerFoundation.Launcher.LLDB"
      shouldUseLaunchSchemeArgsEnv = "YES">
      <Testables>
         <TestableReference
            skipped = "NO">
            <BuildableReference
               BuildableIdentifier = "primary"
               BlueprintIdentifier = "3BDF14A81C3D80A200465FA3"
               BuildableName = "BugologyTests.xctest"
               BlueprintName = "BugologyTests"
               ReferencedContainer = "container:Bugology.xcodeproj">
            </BuildableReference>
         </TestableReference>
         <TestableReference
            skipped = "NO">
            <BuildableReference
               BuildableIdentifier = "primary"
               BlueprintIdentifier = "3BDF14B31C3D80A300465FA3"
               BuildableName = "BugologyUITests.xctest"
               BlueprintName = "BugologyUITests"
               ReferencedContainer = "container:Bugology.xcodeproj">
            </BuildableReference>
         </TestableReference>
         <TestableReference
            skipped = "NO">
            <BuildableReference
               BuildableIdentifier = "primary"
               BlueprintIdentifier = "3BDF14D31C3D82D900465FA3"
               BuildableName = "SifterSwiftTests.xctest"
               BlueprintName = "SifterSwiftTests"
               ReferencedContainer = "container:Bugology.xcodeproj">
            </BuildableReference>
         </TestableReference>
         <TestableReference
            skipped = "NO">
            <BuildableReference
               BuildableIdentifier = "primary"
               BlueprintIdentifier = "3BDF151B1C3D842400465FA3"
               BuildableName = "BugologyCoreTests.xctest"
               BlueprintName = "BugologyCoreTests"
               ReferencedContainer = "container:Bugology.xcodeproj">
            </BuildableReference>
         </TestableReference>
         <TestableReference
            skipped = "NO">
            <BuildableReference
               BuildableIdentifier = "primary"
               BlueprintIdentifier = "3B504A8F1C3D85B700E89117"
               BuildableName = "BugCoreTests.xctest"
               BlueprintName = "BugCoreTests"
               ReferencedContainer = "container:Bugology.xcodeproj">
            </BuildableReference>
         </TestableReference>
         <TestableReference
            skipped = "NO">
            <BuildableReference
               BuildableIdentifier = "primary"
               BlueprintIdentifier = "3B4CC06C1C5D34A900201B52"
               BuildableName = "BugKitTests.xctest"
               BlueprintName = "BugKitTests"
               ReferencedContainer = "container:Bugology.xcodeproj">
            </BuildableReference>
         </TestableReference>
         <TestableReference
            skipped = "NO">
            <BuildableReference
               BuildableIdentifier = "primary"
               BlueprintIdentifier = "3B4CC0AC1C5D38D000201B52"
               BuildableName = "BugUIKitTests.xctest"
               BlueprintName = "BugUIKitTests"
               ReferencedContainer = "container:Bugology.xcodeproj">
            </BuildableReference>
         </TestableReference>
         <TestableReference
            skipped = "NO">
            <BuildableReference
               BuildableIdentifier = "primary"
               BlueprintIdentifier = "3BDB8C701C5D486F003D5BAC"
               BuildableName = "SRCoreTests.xctest"
               BlueprintName = "SRCoreTests"
               ReferencedContainer = "container:Bugology.xcodeproj">
            </BuildableReference>
         </TestableReference>
      </Testables>
      <MacroExpansion>
         <BuildableReference
            BuildableIdentifier = "primary"
            BlueprintIdentifier = "3BDF14941C3D80A200465FA3"
            BuildableName = "Bugology.app"
            BlueprintName = "Bugology"
            ReferencedContainer = "container:Bugology.xcodeproj">
         </BuildableReference>
      </MacroExpansion>
      <AdditionalOptions>
      </AdditionalOptions>
   </TestAction>
   <LaunchAction
      buildConfiguration = "Debug"
      selectedDebuggerIdentifier = "Xcode.DebuggerFoundation.Debugger.LLDB"
      selectedLauncherIdentifier = "Xcode.DebuggerFoundation.Launcher.LLDB"
      launchStyle = "0"
      useCustomWorkingDirectory = "NO"
      ignoresPersistentStateOnLaunch = "NO"
      debugDocumentVersioning = "YES"
      debugServiceExtension = "internal"
      allowLocationSimulation = "YES">
      <BuildableProductRunnable
         runnableDebuggingMode = "0">
         <BuildableReference
            BuildableIdentifier = "primary"
            BlueprintIdentifier = "3BDF14941C3D80A200465FA3"
            BuildableName = "Bugology.app"
            BlueprintName = "Bugology"
            ReferencedContainer = "container:Bugology.xcodeproj">
         </BuildableReference>
      </BuildableProductRunnable>
      <AdditionalOptions>
      </AdditionalOptions>
   </LaunchAction>
   <ProfileAction
      buildConfiguration = "Release"
      shouldUseLaunchSchemeArgsEnv = "YES"
      savedToolIdentifier = ""
      useCustomWorkingDirectory = "NO"
      debugDocumentVersioning = "YES">
      <BuildableProductRunnable
         runnableDebuggingMode = "0">
         <BuildableReference
            BuildableIdentifier = "primary"
            BlueprintIdentifier = "3BDF14941C3D80A200465FA3"
            BuildableName = "Bugology.app"
            BlueprintName = "Bugology"
            ReferencedContainer = "container:Bugology.xcodeproj">
         </BuildableReference>
      </BuildableProductRunnable>
   </ProfileAction>
   <AnalyzeAction
      buildConfiguration = "Debug">
   </AnalyzeAction>
   <ArchiveAction
      buildConfiguration = "Release"
      revealArchiveInOrganizer = "YES">
   </ArchiveAction>
</Scheme>
